
Microsoft Visual Studio Solution File, Format Version 12.00
# Visual Studio 15
VisualStudioVersion = 15.0.27428.2015
MinimumVisualStudioVersion = 10.0.40219.1
Project("{FAE04EC0-301F-11D3-BF4B-00C04F79EFBC}") = "CreateKnxProd", "CreateKnxProd.csproj", "{49FD10D8-682A-4C7A-B0F9-5FA42455A553}"
EndProject
Global
	GlobalSection(SolutionConfigurationPlatforms) = preSolution
		Debug|Any CPU = Debug|Any CPU
		Release|Any CPU = Release|Any CPU
	EndGlobalSection
	GlobalSection(ProjectConfigurationPlatforms) = postSolution
		{49FD10D8-682A-4C7A-B0F9-5FA42455A553}.Debug|Any CPU.ActiveCfg = Debug|Any CPU
		{49FD10D8-682A-4C7A-B0F9-5FA42455A553}.Debug|Any CPU.Build.0 = Debug|Any CPU
		{49FD10D8-682A-4C7A-B0F9-5FA42455A553}.Release|Any CPU.ActiveCfg = Release|Any CPU
		{49FD10D8-682A-4C7A-B0F9-5FA42455A553}.Release|Any CPU.Build.0 = Release|Any CPU
	EndGlobalSection
	GlobalSection(SolutionProperties) = preSolution
		HideSolutionNode = FALSE
	EndGlobalSection
	GlobalSection(ExtensibilityGlobals) = postSolution
		SolutionGuid = {8363EAB2-D6DE-4DCA-A130-DFD031514D7E}
	EndGlobalSection
EndGlobal
